
Microsoft Visual Studio Solution File, Format Version 12.00
# Visual Studio 14
VisualStudioVersion = 14.0.25123.0
MinimumVisualStudioVersion = 10.0.40219.1
Project("{FAE04EC0-301F-11D3-BF4B-00C04F79EFBC}") = "PlanetDemo", "PlanetDemo\PlanetDemo.csproj", "{761D7D0E-8AA7-46FD-9841-8C789DAD1350}"
EndProject
Global
	GlobalSection(SolutionConfigurationPlatforms) = preSolution
		Debug|x86 = Debug|x86
		Release|x86 = Release|x86
	EndGlobalSection
	GlobalSection(ProjectConfigurationPlatforms) = postSolution
		{761D7D0E-8AA7-46FD-9841-8C789DAD1350}.Debug|x86.ActiveCfg = Debug|x86
		{761D7D0E-8AA7-46FD-9841-8C789DAD1350}.Debug|x86.Build.0 = Debug|x86
		{761D7D0E-8AA7-46FD-9841-8C789DAD1350}.Release|x86.ActiveCfg = Release|x86
		{761D7D0E-8AA7-46FD-9841-8C789DAD1350}.Release|x86.Build.0 = Release|x86
	EndGlobalSection
	GlobalSection(SolutionProperties) = preSolution
		HideSolutionNode = FALSE
	EndGlobalSection
EndGlobal
